// !$*UTF8*$!
{
	archiveVersion = 1;
	classes = {
	};
	objectVersion = 77;
	objects = {

/* Begin PBXBuildFile section */
		0681C05447DBB7C5E652915C /* ShelfStoreTests.swift in Sources */ = {isa = PBXBuildFile; fileRef = 83C46347A255D1216C305A3A /* ShelfStoreTests.swift */; };
		216C20CB2CE4CDBFE22B7290 /* AppEntry.swift in Sources */ = {isa = PBXBuildFile; fileRef = 2E57C8BCA0B32BA03206EBDD /* AppEntry.swift */; };
		65A05106BD10E53FDD6AD036 /* ShelfOrderingTests.swift in Sources */ = {isa = PBXBuildFile; fileRef = 7158B6183B5F0E3B0BB091C7 /* ShelfOrderingTests.swift */; };
		674741E72C016208C6468037 /* HotKeyManager.swift in Sources */ = {isa = PBXBuildFile; fileRef = 10127467ED0091A27C5F70EE /* HotKeyManager.swift */; };
		7AE7C0A017A91DEB0E669F9F /* SettingsStore.swift in Sources */ = {isa = PBXBuildFile; fileRef = CF572E60CE3601284F0010D8 /* SettingsStore.swift */; };
		85CA99F9A8A1430F42FCA381 /* HotKeyManagerTests.swift in Sources */ = {isa = PBXBuildFile; fileRef = 38CEE07704E2657BC74F04DE /* HotKeyManagerTests.swift */; };
		8F21B4EA203EE2F8158025BE /* ShelfSelection.swift in Sources */ = {isa = PBXBuildFile; fileRef = CCB385A1537FF0991D404AC3 /* ShelfSelection.swift */; };
		A6246BA65008393F91D0130D /* Assets.xcassets in Resources */ = {isa = PBXBuildFile; fileRef = 0585069A996DF4E45FD85B5F /* Assets.xcassets */; };
		AA436E06B046F23EFDA6D679 /* PanelPositionStore.swift in Sources */ = {isa = PBXBuildFile; fileRef = 39CFBB993D2DADA3873FCE8E /* PanelPositionStore.swift */; };
		B1B01A976FB8B3480325FC41 /* FilePromiseDragView.swift in Sources */ = {isa = PBXBuildFile; fileRef = 4641C63984C722768BA0A616 /* FilePromiseDragView.swift */; };
		B6EE6CD264DBF04592921ACC /* ShelfPanel.swift in Sources */ = {isa = PBXBuildFile; fileRef = 4A27EA80D449658D211B3FBA /* ShelfPanel.swift */; };
		B7D2A747289FEA6B9E4F5E64 /* SettingsStoreTests.swift in Sources */ = {isa = PBXBuildFile; fileRef = 86EA82CB2075785C6A88CCA7 /* SettingsStoreTests.swift */; };
		C18CC65737B44657D9DB2600 /* ShelfStore.swift in Sources */ = {isa = PBXBuildFile; fileRef = C1BCA0FCE8839EC24FA4E2C2 /* ShelfStore.swift */; };
		C4F7D11D20C3830883E38375 /* AppInfo.swift in Sources */ = {isa = PBXBuildFile; fileRef = 9C870C210AB0EC73A51282FE /* AppInfo.swift */; };
		C546CD0CFFC5B6887DEB488F /* FilePromiseDragManagerTests.swift in Sources */ = {isa = PBXBuildFile; fileRef = B076B2C2AE0F822E1ACD5FFE /* FilePromiseDragManagerTests.swift */; };
		D7125777FE2102787D34EF6D /* ShelfSelectionLogicTests.swift in Sources */ = {isa = PBXBuildFile; fileRef = B778E02EC5A79A337242109E /* ShelfSelectionLogicTests.swift */; };
		EAE3AEC651E897ED2DBAE503 /* ShelfPanelPositionTests.swift in Sources */ = {isa = PBXBuildFile; fileRef = 0FDEA85D91521B55BCA13645 /* ShelfPanelPositionTests.swift */; };
		FA5035EC50508580D41DA43D /* FilePromiseDragManager.swift in Sources */ = {isa = PBXBuildFile; fileRef = C67D7A27EC7ABBB4907960A2 /* FilePromiseDragManager.swift */; };
/* End PBXBuildFile section */

/* Begin PBXContainerItemProxy section */
		E776DD52006BB6C685A5CBD8 /* PBXContainerItemProxy */ = {
			isa = PBXContainerItemProxy;
			containerPortal = BC4E16BE676B7140F321F082 /* Project object */;
			proxyType = 1;
			remoteGlobalIDString = 2432B5837E1C00467C6F76ED;
			remoteInfo = FileTmpShelf;
		};
/* End PBXContainerItemProxy section */

/* Begin PBXFileReference section */
		0585069A996DF4E45FD85B5F /* Assets.xcassets */ = {isa = PBXFileReference; lastKnownFileType = folder.assetcatalog; path = Assets.xcassets; sourceTree = "<group>"; };
		0FDEA85D91521B55BCA13645 /* ShelfPanelPositionTests.swift */ = {isa = PBXFileReference; lastKnownFileType = sourcecode.swift; path = ShelfPanelPositionTests.swift; sourceTree = "<group>"; };
		10127467ED0091A27C5F70EE /* HotKeyManager.swift */ = {isa = PBXFileReference; lastKnownFileType = sourcecode.swift; path = HotKeyManager.swift; sourceTree = "<group>"; };
		23F5BF4565801A6475A6D3F0 /* FileTmpShelfTests.xctest */ = {isa = PBXFileReference; explicitFileType = wrapper.cfbundle; includeInIndex = 0; path = FileTmpShelfTests.xctest; sourceTree = BUILT_PRODUCTS_DIR; };
		2E57C8BCA0B32BA03206EBDD /* AppEntry.swift */ = {isa = PBXFileReference; lastKnownFileType = sourcecode.swift; path = AppEntry.swift; sourceTree = "<group>"; };
		38CEE07704E2657BC74F04DE /* HotKeyManagerTests.swift */ = {isa = PBXFileReference; lastKnownFileType = sourcecode.swift; path = HotKeyManagerTests.swift; sourceTree = "<group>"; };
		39CFBB993D2DADA3873FCE8E /* PanelPositionStore.swift */ = {isa = PBXFileReference; lastKnownFileType = sourcecode.swift; path = PanelPositionStore.swift; sourceTree = "<group>"; };
		4641C63984C722768BA0A616 /* FilePromiseDragView.swift */ = {isa = PBXFileReference; lastKnownFileType = sourcecode.swift; path = FilePromiseDragView.swift; sourceTree = "<group>"; };
		4A27EA80D449658D211B3FBA /* ShelfPanel.swift */ = {isa = PBXFileReference; lastKnownFileType = sourcecode.swift; path = ShelfPanel.swift; sourceTree = "<group>"; };
		508E07AE04884175876AD8ED /* FileTmpShelf.app */ = {isa = PBXFileReference; explicitFileType = wrapper.application; includeInIndex = 0; path = FileTmpShelf.app; sourceTree = BUILT_PRODUCTS_DIR; };
		7158B6183B5F0E3B0BB091C7 /* ShelfOrderingTests.swift */ = {isa = PBXFileReference; lastKnownFileType = sourcecode.swift; path = ShelfOrderingTests.swift; sourceTree = "<group>"; };
		83C46347A255D1216C305A3A /* ShelfStoreTests.swift */ = {isa = PBXFileReference; lastKnownFileType = sourcecode.swift; path = ShelfStoreTests.swift; sourceTree = "<group>"; };
		86EA82CB2075785C6A88CCA7 /* SettingsStoreTests.swift */ = {isa = PBXFileReference; lastKnownFileType = sourcecode.swift; path = SettingsStoreTests.swift; sourceTree = "<group>"; };
		9C870C210AB0EC73A51282FE /* AppInfo.swift */ = {isa = PBXFileReference; lastKnownFileType = sourcecode.swift; path = AppInfo.swift; sourceTree = "<group>"; };
		B076B2C2AE0F822E1ACD5FFE /* FilePromiseDragManagerTests.swift */ = {isa = PBXFileReference; lastKnownFileType = sourcecode.swift; path = FilePromiseDragManagerTests.swift; sourceTree = "<group>"; };
		B778E02EC5A79A337242109E /* ShelfSelectionLogicTests.swift */ = {isa = PBXFileReference; lastKnownFileType = sourcecode.swift; path = ShelfSelectionLogicTests.swift; sourceTree = "<group>"; };
		C1BCA0FCE8839EC24FA4E2C2 /* ShelfStore.swift */ = {isa = PBXFileReference; lastKnownFileType = sourcecode.swift; path = ShelfStore.swift; sourceTree = "<group>"; };
		C67D7A27EC7ABBB4907960A2 /* FilePromiseDragManager.swift */ = {isa = PBXFileReference; lastKnownFileType = sourcecode.swift; path = FilePromiseDragManager.swift; sourceTree = "<group>"; };
		CCB385A1537FF0991D404AC3 /* ShelfSelection.swift */ = {isa = PBXFileReference; lastKnownFileType = sourcecode.swift; path = ShelfSelection.swift; sourceTree = "<group>"; };
		CF572E60CE3601284F0010D8 /* SettingsStore.swift */ = {isa = PBXFileReference; lastKnownFileType = sourcecode.swift; path = SettingsStore.swift; sourceTree = "<group>"; };
/* End PBXFileReference section */

/* Begin PBXGroup section */
		09F2DCECC266CD9EDBF12F9B /* UI */ = {
			isa = PBXGroup;
			children = (
				C67D7A27EC7ABBB4907960A2 /* FilePromiseDragManager.swift */,
				4641C63984C722768BA0A616 /* FilePromiseDragView.swift */,
				4A27EA80D449658D211B3FBA /* ShelfPanel.swift */,
			);
			path = UI;
			sourceTree = "<group>";
		};
		36E08D82B096A2D3EFC9F8A5 /* Sources */ = {
			isa = PBXGroup;
			children = (
				4F92B379EECF30061D76B89C /* App */,
				EC9720760B9D311E2FFD3434 /* Core */,
				09F2DCECC266CD9EDBF12F9B /* UI */,
			);
			path = Sources;
			sourceTree = "<group>";
		};
		37CFF8A7D0243CDAA0A03557 = {
			isa = PBXGroup;
			children = (
				36E08D82B096A2D3EFC9F8A5 /* Sources */,
				48DF37B5ABFB6E34ADC382C3 /* Tests */,
				0585069A996DF4E45FD85B5F /* Assets.xcassets */,
				63E0ACD2CE7F9364313A8F9E /* Products */,
			);
			sourceTree = "<group>";
		};
		48DF37B5ABFB6E34ADC382C3 /* Tests */ = {
			isa = PBXGroup;
			children = (
				B076B2C2AE0F822E1ACD5FFE /* FilePromiseDragManagerTests.swift */,
				38CEE07704E2657BC74F04DE /* HotKeyManagerTests.swift */,
				86EA82CB2075785C6A88CCA7 /* SettingsStoreTests.swift */,
				7158B6183B5F0E3B0BB091C7 /* ShelfOrderingTests.swift */,
				0FDEA85D91521B55BCA13645 /* ShelfPanelPositionTests.swift */,
				B778E02EC5A79A337242109E /* ShelfSelectionLogicTests.swift */,
				83C46347A255D1216C305A3A /* ShelfStoreTests.swift */,
			);
			path = Tests;
			sourceTree = "<group>";
		};
		4F92B379EECF30061D76B89C /* App */ = {
			isa = PBXGroup;
			children = (
				2E57C8BCA0B32BA03206EBDD /* AppEntry.swift */,
			);
			path = App;
			sourceTree = "<group>";
		};
		63E0ACD2CE7F9364313A8F9E /* Products */ = {
			isa = PBXGroup;
			children = (
				508E07AE04884175876AD8ED /* FileTmpShelf.app */,
				23F5BF4565801A6475A6D3F0 /* FileTmpShelfTests.xctest */,
			);
			name = Products;
			sourceTree = "<group>";
		};
		EC9720760B9D311E2FFD3434 /* Core */ = {
			isa = PBXGroup;
			children = (
				9C870C210AB0EC73A51282FE /* AppInfo.swift */,
				10127467ED0091A27C5F70EE /* HotKeyManager.swift */,
				39CFBB993D2DADA3873FCE8E /* PanelPositionStore.swift */,
				CF572E60CE3601284F0010D8 /* SettingsStore.swift */,
				CCB385A1537FF0991D404AC3 /* ShelfSelection.swift */,
				C1BCA0FCE8839EC24FA4E2C2 /* ShelfStore.swift */,
			);
			path = Core;
			sourceTree = "<group>";
		};
/* End PBXGroup section */

/* Begin PBXNativeTarget section */
		2432B5837E1C00467C6F76ED /* FileTmpShelf */ = {
			isa = PBXNativeTarget;
			buildConfigurationList = DE7A85BACD8D9A20DB98D7BE /* Build configuration list for PBXNativeTarget "FileTmpShelf" */;
			buildPhases = (
				B153B27639AEE788FBE2908D /* Sources */,
				1331D188BC98C12EFFE55FD8 /* Resources */,
			);
			buildRules = (
			);
			dependencies = (
			);
			name = FileTmpShelf;
			packageProductDependencies = (
			);
			productName = FileTmpShelf;
			productReference = 508E07AE04884175876AD8ED /* FileTmpShelf.app */;
			productType = "com.apple.product-type.application";
		};
		FFBF6C7BD9BC1EFFA617D8D9 /* FileTmpShelfTests */ = {
			isa = PBXNativeTarget;
			buildConfigurationList = 023123373EB1C7F3E089D42A /* Build configuration list for PBXNativeTarget "FileTmpShelfTests" */;
			buildPhases = (
				961851FF3DBE4DC27E87215A /* Sources */,
			);
			buildRules = (
			);
			dependencies = (
				CC0BE5EEBF3749336659FD8F /* PBXTargetDependency */,
			);
			name = FileTmpShelfTests;
			packageProductDependencies = (
			);
			productName = FileTmpShelfTests;
			productReference = 23F5BF4565801A6475A6D3F0 /* FileTmpShelfTests.xctest */;
			productType = "com.apple.product-type.bundle.unit-test";
		};
/* End PBXNativeTarget section */

/* Begin PBXProject section */
		BC4E16BE676B7140F321F082 /* Project object */ = {
			isa = PBXProject;
			attributes = {
				BuildIndependentTargetsInParallel = YES;
				LastUpgradeCheck = 1430;
				TargetAttributes = {
					2432B5837E1C00467C6F76ED = {
						DevelopmentTeam = "";
					};
					FFBF6C7BD9BC1EFFA617D8D9 = {
						DevelopmentTeam = "";
					};
				};
			};
			buildConfigurationList = 63ECED23E44A29669A661492 /* Build configuration list for PBXProject "FileTmpShelf" */;
			developmentRegion = en;
			hasScannedForEncodings = 0;
			knownRegions = (
				Base,
				en,
			);
			mainGroup = 37CFF8A7D0243CDAA0A03557;
			minimizedProjectReferenceProxies = 1;
			preferredProjectObjectVersion = 77;
			productRefGroup = 63E0ACD2CE7F9364313A8F9E /* Products */;
			projectDirPath = "";
			projectRoot = "";
			targets = (
				2432B5837E1C00467C6F76ED /* FileTmpShelf */,
				FFBF6C7BD9BC1EFFA617D8D9 /* FileTmpShelfTests */,
			);
		};
/* End PBXProject section */

/* Begin PBXResourcesBuildPhase section */
		1331D188BC98C12EFFE55FD8 /* Resources */ = {
			isa = PBXResourcesBuildPhase;
			buildActionMask = 2147483647;
			files = (
				A6246BA65008393F91D0130D /* Assets.xcassets in Resources */,
			);
			runOnlyForDeploymentPostprocessing = 0;
		};
/* End PBXResourcesBuildPhase section */

/* Begin PBXSourcesBuildPhase section */
		961851FF3DBE4DC27E87215A /* Sources */ = {
			isa = PBXSourcesBuildPhase;
			buildActionMask = 2147483647;
			files = (
				C546CD0CFFC5B6887DEB488F /* FilePromiseDragManagerTests.swift in Sources */,
				85CA99F9A8A1430F42FCA381 /* HotKeyManagerTests.swift in Sources */,
				B7D2A747289FEA6B9E4F5E64 /* SettingsStoreTests.swift in Sources */,
				65A05106BD10E53FDD6AD036 /* ShelfOrderingTests.swift in Sources */,
				EAE3AEC651E897ED2DBAE503 /* ShelfPanelPositionTests.swift in Sources */,
				D7125777FE2102787D34EF6D /* ShelfSelectionLogicTests.swift in Sources */,
				0681C05447DBB7C5E652915C /* ShelfStoreTests.swift in Sources */,
			);
			runOnlyForDeploymentPostprocessing = 0;
		};
		B153B27639AEE788FBE2908D /* Sources */ = {
			isa = PBXSourcesBuildPhase;
			buildActionMask = 2147483647;
			files = (
				216C20CB2CE4CDBFE22B7290 /* AppEntry.swift in Sources */,
				C4F7D11D20C3830883E38375 /* AppInfo.swift in Sources */,
				FA5035EC50508580D41DA43D /* FilePromiseDragManager.swift in Sources */,
				B1B01A976FB8B3480325FC41 /* FilePromiseDragView.swift in Sources */,
				674741E72C016208C6468037 /* HotKeyManager.swift in Sources */,
				AA436E06B046F23EFDA6D679 /* PanelPositionStore.swift in Sources */,
				7AE7C0A017A91DEB0E669F9F /* SettingsStore.swift in Sources */,
				B6EE6CD264DBF04592921ACC /* ShelfPanel.swift in Sources */,
				8F21B4EA203EE2F8158025BE /* ShelfSelection.swift in Sources */,
				C18CC65737B44657D9DB2600 /* ShelfStore.swift in Sources */,
			);
			runOnlyForDeploymentPostprocessing = 0;
		};
/* End PBXSourcesBuildPhase section */

/* Begin PBXTargetDependency section */
		CC0BE5EEBF3749336659FD8F /* PBXTargetDependency */ = {
			isa = PBXTargetDependency;
			target = 2432B5837E1C00467C6F76ED /* FileTmpShelf */;
			targetProxy = E776DD52006BB6C685A5CBD8 /* PBXContainerItemProxy */;
		};
/* End PBXTargetDependency section */

/* Begin XCBuildConfiguration section */
		27AF55E4D7F9DF5CFAC4D53C /* Debug */ = {
			isa = XCBuildConfiguration;
			buildSettings = {
				ASSETCATALOG_COMPILER_APPICON_NAME = AppIcon;
				COMBINE_HIDPI_IMAGES = YES;
				CURRENT_PROJECT_VERSION = 1;
				ENABLE_APP_SANDBOX = NO;
				GENERATE_INFOPLIST_FILE = YES;
				INFOPLIST_KEY_CFBundleDisplayName = FileTmpShelf;
				INFOPLIST_KEY_LSApplicationCategoryType = "public.app-category.productivity";
				INFOPLIST_KEY_NSHumanReadableCopyright = "";
				LD_RUNPATH_SEARCH_PATHS = (
					"$(inherited)",
					"@executable_path/../Frameworks",
				);
				MARKETING_VERSION = 0.1.0;
				PRODUCT_BUNDLE_IDENTIFIER = com.filetmpshelf.app;
				PRODUCT_NAME = FileTmpShelf;
				SDKROOT = macosx;
			};
			name = Debug;
		};
		68FE3B8C3BDA799259AD0E3A /* Debug */ = {
			isa = XCBuildConfiguration;
			buildSettings = {
				BUNDLE_LOADER = "$(TEST_HOST)";
				COMBINE_HIDPI_IMAGES = YES;
				GENERATE_INFOPLIST_FILE = YES;
				LD_RUNPATH_SEARCH_PATHS = (
					"$(inherited)",
					"@executable_path/../Frameworks",
					"@loader_path/../Frameworks",
				);
				PRODUCT_BUNDLE_IDENTIFIER = com.filetmpshelf.tests;
				SDKROOT = macosx;
				TEST_HOST = "$(BUILT_PRODUCTS_DIR)/FileTmpShelf.app/Contents/MacOS/FileTmpShelf";
			};
			name = Debug;
		};
		954BEB90F18556A5096C05EF /* Release */ = {
			isa = XCBuildConfiguration;
			buildSettings = {
				BUNDLE_LOADER = "$(TEST_HOST)";
				COMBINE_HIDPI_IMAGES = YES;
				GENERATE_INFOPLIST_FILE = YES;
				LD_RUNPATH_SEARCH_PATHS = (
					"$(inherited)",
					"@executable_path/../Frameworks",
					"@loader_path/../Frameworks",
				);
				PRODUCT_BUNDLE_IDENTIFIER = com.filetmpshelf.tests;
				SDKROOT = macosx;
				TEST_HOST = "$(BUILT_PRODUCTS_DIR)/FileTmpShelf.app/Contents/MacOS/FileTmpShelf";
			};
			name = Release;
		};
		9D3C910F673155DAB05EACC4 /* Release */ = {
			isa = XCBuildConfiguration;
			buildSettings = {
				ASSETCATALOG_COMPILER_APPICON_NAME = AppIcon;
				COMBINE_HIDPI_IMAGES = YES;
				CURRENT_PROJECT_VERSION = 1;
				ENABLE_APP_SANDBOX = NO;
				GENERATE_INFOPLIST_FILE = YES;
				INFOPLIST_KEY_CFBundleDisplayName = FileTmpShelf;
				INFOPLIST_KEY_LSApplicationCategoryType = "public.app-category.productivity";
				INFOPLIST_KEY_NSHumanReadableCopyright = "";
				LD_RUNPATH_SEARCH_PATHS = (
					"$(inherited)",
					"@executable_path/../Frameworks",
				);
				MARKETING_VERSION = 0.1.0;
				PRODUCT_BUNDLE_IDENTIFIER = com.filetmpshelf.app;
				PRODUCT_NAME = FileTmpShelf;
				SDKROOT = macosx;
			};
			name = Release;
		};
		C0788063FA2C1E323FC8E703 /* Release */ = {
			isa = XCBuildConfiguration;
			buildSettings = {
				ALWAYS_SEARCH_USER_PATHS = NO;
				ARCHS = "$(ARCHS_STANDARD_64_BIT)";
				CLANG_ANALYZER_NONNULL = YES;
				CLANG_ANALYZER_NUMBER_OBJECT_CONVERSION = YES_AGGRESSIVE;
				CLANG_CXX_LANGUAGE_STANDARD = "gnu++14";
				CLANG_CXX_LIBRARY = "libc++";
				CLANG_ENABLE_MODULES = YES;
				CLANG_ENABLE_OBJC_ARC = YES;
				CLANG_ENABLE_OBJC_WEAK = YES;
				CLANG_WARN_BLOCK_CAPTURE_AUTORELEASING = YES;
				CLANG_WARN_BOOL_CONVERSION = YES;
				CLANG_WARN_COMMA = YES;
				CLANG_WARN_CONSTANT_CONVERSION = YES;
				CLANG_WARN_DEPRECATED_OBJC_IMPLEMENTATIONS = YES;
				CLANG_WARN_DIRECT_OBJC_ISA_USAGE = YES_ERROR;
				CLANG_WARN_DOCUMENTATION_COMMENTS = YES;
				CLANG_WARN_EMPTY_BODY = YES;
				CLANG_WARN_ENUM_CONVERSION = YES;
				CLANG_WARN_INFINITE_RECURSION = YES;
				CLANG_WARN_INT_CONVERSION = YES;
				CLANG_WARN_NON_LITERAL_NULL_CONVERSION = YES;
				CLANG_WARN_OBJC_IMPLICIT_RETAIN_SELF = YES;
				CLANG_WARN_OBJC_LITERAL_CONVERSION = YES;
				CLANG_WARN_OBJC_ROOT_CLASS = YES_ERROR;
				CLANG_WARN_QUOTED_INCLUDE_IN_FRAMEWORK_HEADER = YES;
				CLANG_WARN_RANGE_LOOP_ANALYSIS = YES;
				CLANG_WARN_STRICT_PROTOTYPES = YES;
				CLANG_WARN_SUSPICIOUS_MOVE = YES;
				CLANG_WARN_UNGUARDED_AVAILABILITY = YES_AGGRESSIVE;
				CLANG_WARN_UNREACHABLE_CODE = YES;
				CLANG_WARN__DUPLICATE_METHOD_MATCH = YES;
				CODE_SIGNING_ALLOWED = NO;
				CODE_SIGNING_REQUIRED = NO;
				CODE_SIGN_IDENTITY = "-";
				COPY_PHASE_STRIP = NO;
				DEBUG_INFORMATION_FORMAT = "dwarf-with-dsym";
				DEVELOPMENT_TEAM = "";
				ENABLE_HARDENED_RUNTIME = YES;
				ENABLE_NS_ASSERTIONS = NO;
				ENABLE_STRICT_OBJC_MSGSEND = YES;
				GCC_C_LANGUAGE_STANDARD = gnu11;
				GCC_NO_COMMON_BLOCKS = YES;
				GCC_WARN_64_TO_32_BIT_CONVERSION = YES;
				GCC_WARN_ABOUT_RETURN_TYPE = YES_ERROR;
				GCC_WARN_UNDECLARED_SELECTOR = YES;
				GCC_WARN_UNINITIALIZED_AUTOS = YES_AGGRESSIVE;
				GCC_WARN_UNUSED_FUNCTION = YES;
				GCC_WARN_UNUSED_VARIABLE = YES;
				MACOSX_DEPLOYMENT_TARGET = 13.0;
				MTL_ENABLE_DEBUG_INFO = NO;
				MTL_FAST_MATH = YES;
				ONLY_ACTIVE_ARCH = YES;
				PRODUCT_NAME = "$(TARGET_NAME)";
				SDKROOT = macosx;
				SWIFT_COMPILATION_MODE = wholemodule;
				SWIFT_OPTIMIZATION_LEVEL = "-O";
				SWIFT_VERSION = 5.9;
			};
			name = Release;
		};
		CFE44060E224454036E20540 /* Debug */ = {
			isa = XCBuildConfiguration;
			buildSettings = {
				ALWAYS_SEARCH_USER_PATHS = NO;
				ARCHS = "$(ARCHS_STANDARD_64_BIT)";
				CLANG_ANALYZER_NONNULL = YES;
				CLANG_ANALYZER_NUMBER_OBJECT_CONVERSION = YES_AGGRESSIVE;
				CLANG_CXX_LANGUAGE_STANDARD = "gnu++14";
				CLANG_CXX_LIBRARY = "libc++";
				CLANG_ENABLE_MODULES = YES;
				CLANG_ENABLE_OBJC_ARC = YES;
				CLANG_ENABLE_OBJC_WEAK = YES;
				CLANG_WARN_BLOCK_CAPTURE_AUTORELEASING = YES;
				CLANG_WARN_BOOL_CONVERSION = YES;
				CLANG_WARN_COMMA = YES;
				CLANG_WARN_CONSTANT_CONVERSION = YES;
				CLANG_WARN_DEPRECATED_OBJC_IMPLEMENTATIONS = YES;
				CLANG_WARN_DIRECT_OBJC_ISA_USAGE = YES_ERROR;
				CLANG_WARN_DOCUMENTATION_COMMENTS = YES;
				CLANG_WARN_EMPTY_BODY = YES;
				CLANG_WARN_ENUM_CONVERSION = YES;
				CLANG_WARN_INFINITE_RECURSION = YES;
				CLANG_WARN_INT_CONVERSION = YES;
				CLANG_WARN_NON_LITERAL_NULL_CONVERSION = YES;
				CLANG_WARN_OBJC_IMPLICIT_RETAIN_SELF = YES;
				CLANG_WARN_OBJC_LITERAL_CONVERSION = YES;
				CLANG_WARN_OBJC_ROOT_CLASS = YES_ERROR;
				CLANG_WARN_QUOTED_INCLUDE_IN_FRAMEWORK_HEADER = YES;
				CLANG_WARN_RANGE_LOOP_ANALYSIS = YES;
				CLANG_WARN_STRICT_PROTOTYPES = YES;
				CLANG_WARN_SUSPICIOUS_MOVE = YES;
				CLANG_WARN_UNGUARDED_AVAILABILITY = YES_AGGRESSIVE;
				CLANG_WARN_UNREACHABLE_CODE = YES;
				CLANG_WARN__DUPLICATE_METHOD_MATCH = YES;
				CODE_SIGNING_ALLOWED = NO;
				CODE_SIGNING_REQUIRED = NO;
				CODE_SIGN_IDENTITY = "-";
				COPY_PHASE_STRIP = NO;
				DEBUG_INFORMATION_FORMAT = dwarf;
				DEVELOPMENT_TEAM = "";
				ENABLE_HARDENED_RUNTIME = YES;
				ENABLE_STRICT_OBJC_MSGSEND = YES;
				ENABLE_TESTABILITY = YES;
				GCC_C_LANGUAGE_STANDARD = gnu11;
				GCC_DYNAMIC_NO_PIC = NO;
				GCC_NO_COMMON_BLOCKS = YES;
				GCC_OPTIMIZATION_LEVEL = 0;
				GCC_PREPROCESSOR_DEFINITIONS = (
					"$(inherited)",
					"DEBUG=1",
				);
				GCC_WARN_64_TO_32_BIT_CONVERSION = YES;
				GCC_WARN_ABOUT_RETURN_TYPE = YES_ERROR;
				GCC_WARN_UNDECLARED_SELECTOR = YES;
				GCC_WARN_UNINITIALIZED_AUTOS = YES_AGGRESSIVE;
				GCC_WARN_UNUSED_FUNCTION = YES;
				GCC_WARN_UNUSED_VARIABLE = YES;
				MACOSX_DEPLOYMENT_TARGET = 13.0;
				MTL_ENABLE_DEBUG_INFO = INCLUDE_SOURCE;
				MTL_FAST_MATH = YES;
				ONLY_ACTIVE_ARCH = YES;
				PRODUCT_NAME = "$(TARGET_NAME)";
				SDKROOT = macosx;
				SWIFT_ACTIVE_COMPILATION_CONDITIONS = DEBUG;
				SWIFT_OPTIMIZATION_LEVEL = "-Onone";
				SWIFT_VERSION = 5.9;
			};
			name = Debug;
		};
/* End XCBuildConfiguration section */

/* Begin XCConfigurationList section */
		023123373EB1C7F3E089D42A /* Build configuration list for PBXNativeTarget "FileTmpShelfTests" */ = {
			isa = XCConfigurationList;
			buildConfigurations = (
				68FE3B8C3BDA799259AD0E3A /* Debug */,
				954BEB90F18556A5096C05EF /* Release */,
			);
			defaultConfigurationIsVisible = 0;
			defaultConfigurationName = Debug;
		};
		63ECED23E44A29669A661492 /* Build configuration list for PBXProject "FileTmpShelf" */ = {
			isa = XCConfigurationList;
			buildConfigurations = (
				CFE44060E224454036E20540 /* Debug */,
				C0788063FA2C1E323FC8E703 /* Release */,
			);
			defaultConfigurationIsVisible = 0;
			defaultConfigurationName = Debug;
		};
		DE7A85BACD8D9A20DB98D7BE /* Build configuration list for PBXNativeTarget "FileTmpShelf" */ = {
			isa = XCConfigurationList;
			buildConfigurations = (
				27AF55E4D7F9DF5CFAC4D53C /* Debug */,
				9D3C910F673155DAB05EACC4 /* Release */,
			);
			defaultConfigurationIsVisible = 0;
			defaultConfigurationName = Debug;
		};
/* End XCConfigurationList section */
	};
	rootObject = BC4E16BE676B7140F321F082 /* Project object */;
}
